
Microsoft Visual Studio Solution File, Format Version 12.00
# Visual Studio Version 17
VisualStudioVersion = 17.0.31903.59
MinimumVisualStudioVersion = 10.0.40219.1
Project("{FAE04EC0-301F-11D3-BF4B-00C04F79EFBC}") = "MyCourseWork", "MyCourseWork\MyCourseWork.csproj", "{3305E8A6-76D8-42CE-9C60-56BE54BAD697}"
EndProject
Global
	GlobalSection(SolutionConfigurationPlatforms) = preSolution
		Debug|Any CPU = Debug|Any CPU
		Release|Any CPU = Release|Any CPU
	EndGlobalSection
	GlobalSection(ProjectConfigurationPlatforms) = postSolution
		{3305E8A6-76D8-42CE-9C60-56BE54BAD697}.Debug|Any CPU.ActiveCfg = Debug|Any CPU
		{3305E8A6-76D8-42CE-9C60-56BE54BAD697}.Debug|Any CPU.Build.0 = Debug|Any CPU
		{3305E8A6-76D8-42CE-9C60-56BE54BAD697}.Release|Any CPU.ActiveCfg = Release|Any CPU
		{3305E8A6-76D8-42CE-9C60-56BE54BAD697}.Release|Any CPU.Build.0 = Release|Any CPU
	EndGlobalSection
	GlobalSection(SolutionProperties) = preSolution
		HideSolutionNode = FALSE
	EndGlobalSection
	GlobalSection(ExtensibilityGlobals) = postSolution
		SolutionGuid = {44594BCA-DFEC-4E98-80AF-B1DBA5D09BA1}
	EndGlobalSection
EndGlobal
